
Microsoft Visual Studio Solution File, Format Version 12.00
# Visual Studio Version 17
VisualStudioVersion = 17.4.33205.214
MinimumVisualStudioVersion = 10.0.40219.1
Project("{9A19103F-16F7-4668-BE54-9A1E7A4F7556}") = "tparf.Web", "tparf.Web\tparf.Web.csproj", "{E870A917-DC6B-4982-A1E0-E8C39084F61B}"
EndProject
Project("{9A19103F-16F7-4668-BE54-9A1E7A4F7556}") = "tparf.Api", "tparf.Api\tparf.Api.csproj", "{C61A4526-A3CF-4459-8D5F-4694F16763AF}"
EndProject
Project("{9A19103F-16F7-4668-BE54-9A1E7A4F7556}") = "tparf.Models", "tparf.Models\tparf.Models.csproj", "{F33CC748-653F-4302-8160-2A06CFFD06CE}"
EndProject
Global
	GlobalSection(SolutionConfigurationPlatforms) = preSolution
		Debug|Any CPU = Debug|Any CPU
		Release|Any CPU = Release|Any CPU
	EndGlobalSection
	GlobalSection(ProjectConfigurationPlatforms) = postSolution
		{E870A917-DC6B-4982-A1E0-E8C39084F61B}.Debug|Any CPU.ActiveCfg = Debug|Any CPU
		{E870A917-DC6B-4982-A1E0-E8C39084F61B}.Debug|Any CPU.Build.0 = Debug|Any CPU
		{E870A917-DC6B-4982-A1E0-E8C39084F61B}.Release|Any CPU.ActiveCfg = Release|Any CPU
		{E870A917-DC6B-4982-A1E0-E8C39084F61B}.Release|Any CPU.Build.0 = Release|Any CPU
		{C61A4526-A3CF-4459-8D5F-4694F16763AF}.Debug|Any CPU.ActiveCfg = Debug|Any CPU
		{C61A4526-A3CF-4459-8D5F-4694F16763AF}.Debug|Any CPU.Build.0 = Debug|Any CPU
		{C61A4526-A3CF-4459-8D5F-4694F16763AF}.Release|Any CPU.ActiveCfg = Release|Any CPU
		{C61A4526-A3CF-4459-8D5F-4694F16763AF}.Release|Any CPU.Build.0 = Release|Any CPU
		{F33CC748-653F-4302-8160-2A06CFFD06CE}.Debug|Any CPU.ActiveCfg = Debug|Any CPU
		{F33CC748-653F-4302-8160-2A06CFFD06CE}.Debug|Any CPU.Build.0 = Debug|Any CPU
		{F33CC748-653F-4302-8160-2A06CFFD06CE}.Release|Any CPU.ActiveCfg = Release|Any CPU
		{F33CC748-653F-4302-8160-2A06CFFD06CE}.Release|Any CPU.Build.0 = Release|Any CPU
	EndGlobalSection
	GlobalSection(SolutionProperties) = preSolution
		HideSolutionNode = FALSE
	EndGlobalSection
	GlobalSection(ExtensibilityGlobals) = postSolution
		SolutionGuid = {17658CAF-0B69-4EF4-B946-07B71687BD51}
	EndGlobalSection
EndGlobal
